
Microsoft Visual Studio Solution File, Format Version 12.00
# Visual Studio Version 16
VisualStudioVersion = 16.0.28803.352
MinimumVisualStudioVersion = 10.0.40219.1
Project("{FAE04EC0-301F-11D3-BF4B-00C04F79EFBC}") = "SprawdzVAT", "SprawdzVAT\SprawdzVAT.csproj", "{FD31A903-E4CC-4AD8-B711-A3ED1AA700CB}"
EndProject
Global
	GlobalSection(SolutionConfigurationPlatforms) = preSolution
		Debug|Any CPU = Debug|Any CPU
		Release|Any CPU = Release|Any CPU
	EndGlobalSection
	GlobalSection(ProjectConfigurationPlatforms) = postSolution
		{FD31A903-E4CC-4AD8-B711-A3ED1AA700CB}.Debug|Any CPU.ActiveCfg = Release|Any CPU
		{FD31A903-E4CC-4AD8-B711-A3ED1AA700CB}.Debug|Any CPU.Build.0 = Release|Any CPU
		{FD31A903-E4CC-4AD8-B711-A3ED1AA700CB}.Release|Any CPU.ActiveCfg = Release|Any CPU
		{FD31A903-E4CC-4AD8-B711-A3ED1AA700CB}.Release|Any CPU.Build.0 = Release|Any CPU
	EndGlobalSection
	GlobalSection(SolutionProperties) = preSolution
		HideSolutionNode = FALSE
	EndGlobalSection
	GlobalSection(ExtensibilityGlobals) = postSolution
		SolutionGuid = {E2C308D8-87FC-4C08-985A-EBB939462881}
	EndGlobalSection
EndGlobal
